
Microsoft Visual Studio Solution File, Format Version 12.00
# Visual Studio Version 17
VisualStudioVersion = 17.9.34728.123
MinimumVisualStudioVersion = 10.0.40219.1
Project("{9A19103F-16F7-4668-BE54-9A1E7A4F7556}") = "CARS", "CARS\CARS.csproj", "{1C16CECD-3255-4F9C-8F24-A92B5293E199}"
EndProject
Project("{FAE04EC0-301F-11D3-BF4B-00C04F79EFBC}") = "CARS_Test", "CARS_Test\CARS_Test.csproj", "{809795AB-4B9E-46B4-922A-D100FDD13535}"
EndProject
Global
	GlobalSection(SolutionConfigurationPlatforms) = preSolution
		Debug|Any CPU = Debug|Any CPU
		Release|Any CPU = Release|Any CPU
	EndGlobalSection
	GlobalSection(ProjectConfigurationPlatforms) = postSolution
		{1C16CECD-3255-4F9C-8F24-A92B5293E199}.Debug|Any CPU.ActiveCfg = Debug|Any CPU
		{1C16CECD-3255-4F9C-8F24-A92B5293E199}.Debug|Any CPU.Build.0 = Debug|Any CPU
		{1C16CECD-3255-4F9C-8F24-A92B5293E199}.Release|Any CPU.ActiveCfg = Release|Any CPU
		{1C16CECD-3255-4F9C-8F24-A92B5293E199}.Release|Any CPU.Build.0 = Release|Any CPU
		{809795AB-4B9E-46B4-922A-D100FDD13535}.Debug|Any CPU.ActiveCfg = Debug|Any CPU
		{809795AB-4B9E-46B4-922A-D100FDD13535}.Debug|Any CPU.Build.0 = Debug|Any CPU
		{809795AB-4B9E-46B4-922A-D100FDD13535}.Release|Any CPU.ActiveCfg = Release|Any CPU
		{809795AB-4B9E-46B4-922A-D100FDD13535}.Release|Any CPU.Build.0 = Release|Any CPU
	EndGlobalSection
	GlobalSection(SolutionProperties) = preSolution
		HideSolutionNode = FALSE
	EndGlobalSection
	GlobalSection(ExtensibilityGlobals) = postSolution
		SolutionGuid = {1F34CB48-5A05-4D7B-A145-E18ECFED7118}
	EndGlobalSection
EndGlobal
